
Microsoft Visual Studio Solution File, Format Version 12.00
# Visual Studio Version 17
VisualStudioVersion = 17.8.34330.188
MinimumVisualStudioVersion = 10.0.40219.1
Project("{FAE04EC0-301F-11D3-BF4B-00C04F79EFBC}") = "Lvl2", "Lvl2\Lvl2.csproj", "{94F18B0E-7B6C-4660-B1EC-0D520228F761}"
EndProject
Global
	GlobalSection(SolutionConfigurationPlatforms) = preSolution
		Debug|Any CPU = Debug|Any CPU
		Release|Any CPU = Release|Any CPU
	EndGlobalSection
	GlobalSection(ProjectConfigurationPlatforms) = postSolution
		{94F18B0E-7B6C-4660-B1EC-0D520228F761}.Debug|Any CPU.ActiveCfg = Debug|Any CPU
		{94F18B0E-7B6C-4660-B1EC-0D520228F761}.Debug|Any CPU.Build.0 = Debug|Any CPU
		{94F18B0E-7B6C-4660-B1EC-0D520228F761}.Release|Any CPU.ActiveCfg = Release|Any CPU
		{94F18B0E-7B6C-4660-B1EC-0D520228F761}.Release|Any CPU.Build.0 = Release|Any CPU
	EndGlobalSection
	GlobalSection(SolutionProperties) = preSolution
		HideSolutionNode = FALSE
	EndGlobalSection
	GlobalSection(ExtensibilityGlobals) = postSolution
		SolutionGuid = {7EDA49A3-62C7-4595-9219-9413558A3941}
	EndGlobalSection
EndGlobal
